# This file is automatically @generated by Cargo.
# It is not intended for manual editing.
version = 3

[[package]]
name = "cryp_alg"
version = "0.1.0"
dependencies = [
 "cryp_std",
]

[[package]]
name = "cryp_ec"
version = "0.1.0"
dependencies = [
 "cryp_alg",
 "cryp_std",
]

[[package]]
name = "cryp_std"
version = "0.1.0"

[[package]]
name = "crypt"
version = "0.1.0"
dependencies = [
 "cryp_alg",
 "cryp_ec",
 "cryp_std",
]
